
Microsoft Visual Studio Solution File, Format Version 12.00
# Visual Studio 15
VisualStudioVersion = 15.0.28010.2050
MinimumVisualStudioVersion = 10.0.40219.1
Project("{2150E333-8FDC-42A3-9474-1A3956D46DE8}") = "Tests", "Tests", "{EDEE62CD-39D4-4B24-996C-E0F7B99A6B7D}"
EndProject
Project("{FAE04EC0-301F-11D3-BF4B-00C04F79EFBC}") = "CiscSimulator.Memory", "CiscSimulator.Memory\CiscSimulator.Memory.csproj", "{628451B3-72FB-4F09-98FF-5D853EFF9FC5}"
EndProject
Project("{FAE04EC0-301F-11D3-BF4B-00C04F79EFBC}") = "CiscSimulator.Common", "CiscSimulator.Common\CiscSimulator.Common.csproj", "{1FF97EEF-85AB-47EC-93E2-A8FDB8D88F8D}"
EndProject
Project("{FAE04EC0-301F-11D3-BF4B-00C04F79EFBC}") = "CiscSimulator.GeneralRegisters", "CiscSimulator.GeneralRegisters\CiscSimulator.GeneralRegisters.csproj", "{C62CEFA7-2D3D-4ACD-A8DA-8D1D01C97DB0}"
EndProject
Project("{FAE04EC0-301F-11D3-BF4B-00C04F79EFBC}") = "CiscSimulator.Assembler", "CiscSimulator.Assembler\CiscSimulator.Assembler.csproj", "{500618A2-93A6-4BB0-B531-B73DA3968B14}"
EndProject
Project("{FAE04EC0-301F-11D3-BF4B-00C04F79EFBC}") = "CiscSimulator.Assembler.UnitTests", "CiscSimulator.Assembler.UnitTests\CiscSimulator.Assembler.UnitTests.csproj", "{FF6286F1-7597-4268-AA2D-4E498E63EEA2}"
EndProject
Project("{FAE04EC0-301F-11D3-BF4B-00C04F79EFBC}") = "CiscSimulator", "CiscSimulator\CiscSimulator.csproj", "{14365805-AFB2-4C87-843E-E7DFFDD09E60}"
EndProject
Project("{FAE04EC0-301F-11D3-BF4B-00C04F79EFBC}") = "CiscSimulator.Memory.Tests", "CiscSimulator.Memory.Tests\CiscSimulator.Memory.Tests.csproj", "{26B515BA-039E-4DE2-8A18-1C40C366214E}"
EndProject
Project("{FAE04EC0-301F-11D3-BF4B-00C04F79EFBC}") = "CiscSimulator.Common.UnitTests", "CiscSimulator.Common.UnitTests\CiscSimulator.Common.UnitTests.csproj", "{639C4291-92AF-4BB7-AA32-FABAAADB39F5}"
EndProject
Project("{FAE04EC0-301F-11D3-BF4B-00C04F79EFBC}") = "CiscSimulator.GeneralRegisters.UnitTests", "CiscSimulator.GeneralRegisters.UnitTests\CiscSimulator.GeneralRegisters.UnitTests.csproj", "{471B92BC-2921-469B-A7D4-2C20938D74E6}"
EndProject
Project("{FAE04EC0-301F-11D3-BF4B-00C04F79EFBC}") = "CiscSimulator.ArithmeticLogicUnit", "CiscSimulator.ArithmeticLogicUnit\CiscSimulator.ArithmeticLogicUnit.csproj", "{51559E48-A709-4122-839E-1DEB3E51902A}"
EndProject
Project("{FAE04EC0-301F-11D3-BF4B-00C04F79EFBC}") = "CiscSimulator.ArithmeticLogicUnit.UnitTests", "CiscSimulator.ArithmeticLogicUnit.UnitTests\CiscSimulator.ArithmeticLogicUnit.UnitTests.csproj", "{C36F934A-9C79-46D6-AB60-0EE55212ADD4}"
EndProject
Project("{FAE04EC0-301F-11D3-BF4B-00C04F79EFBC}") = "CiscSimulator.Sequencer", "CiscSimulator.Sequencer\CiscSimulator.Sequencer.csproj", "{04390198-76C3-46AF-B750-0DD82646E5E7}"
EndProject
Global
	GlobalSection(SolutionConfigurationPlatforms) = preSolution
		Debug|Any CPU = Debug|Any CPU
		Release|Any CPU = Release|Any CPU
	EndGlobalSection
	GlobalSection(ProjectConfigurationPlatforms) = postSolution
		{628451B3-72FB-4F09-98FF-5D853EFF9FC5}.Debug|Any CPU.ActiveCfg = Debug|Any CPU
		{628451B3-72FB-4F09-98FF-5D853EFF9FC5}.Debug|Any CPU.Build.0 = Debug|Any CPU
		{628451B3-72FB-4F09-98FF-5D853EFF9FC5}.Release|Any CPU.ActiveCfg = Release|Any CPU
		{628451B3-72FB-4F09-98FF-5D853EFF9FC5}.Release|Any CPU.Build.0 = Release|Any CPU
		{1FF97EEF-85AB-47EC-93E2-A8FDB8D88F8D}.Debug|Any CPU.ActiveCfg = Debug|Any CPU
		{1FF97EEF-85AB-47EC-93E2-A8FDB8D88F8D}.Debug|Any CPU.Build.0 = Debug|Any CPU
		{1FF97EEF-85AB-47EC-93E2-A8FDB8D88F8D}.Release|Any CPU.ActiveCfg = Release|Any CPU
		{1FF97EEF-85AB-47EC-93E2-A8FDB8D88F8D}.Release|Any CPU.Build.0 = Release|Any CPU
		{C62CEFA7-2D3D-4ACD-A8DA-8D1D01C97DB0}.Debug|Any CPU.ActiveCfg = Debug|Any CPU
		{C62CEFA7-2D3D-4ACD-A8DA-8D1D01C97DB0}.Debug|Any CPU.Build.0 = Debug|Any CPU
		{C62CEFA7-2D3D-4ACD-A8DA-8D1D01C97DB0}.Release|Any CPU.ActiveCfg = Release|Any CPU
		{C62CEFA7-2D3D-4ACD-A8DA-8D1D01C97DB0}.Release|Any CPU.Build.0 = Release|Any CPU
		{500618A2-93A6-4BB0-B531-B73DA3968B14}.Debug|Any CPU.ActiveCfg = Debug|Any CPU
		{500618A2-93A6-4BB0-B531-B73DA3968B14}.Debug|Any CPU.Build.0 = Debug|Any CPU
		{500618A2-93A6-4BB0-B531-B73DA3968B14}.Release|Any CPU.ActiveCfg = Release|Any CPU
		{500618A2-93A6-4BB0-B531-B73DA3968B14}.Release|Any CPU.Build.0 = Release|Any CPU
		{FF6286F1-7597-4268-AA2D-4E498E63EEA2}.Debug|Any CPU.ActiveCfg = Debug|Any CPU
		{FF6286F1-7597-4268-AA2D-4E498E63EEA2}.Debug|Any CPU.Build.0 = Debug|Any CPU
		{FF6286F1-7597-4268-AA2D-4E498E63EEA2}.Release|Any CPU.ActiveCfg = Release|Any CPU
		{FF6286F1-7597-4268-AA2D-4E498E63EEA2}.Release|Any CPU.Build.0 = Release|Any CPU
		{14365805-AFB2-4C87-843E-E7DFFDD09E60}.Debug|Any CPU.ActiveCfg = Debug|Any CPU
		{14365805-AFB2-4C87-843E-E7DFFDD09E60}.Debug|Any CPU.Build.0 = Debug|Any CPU
		{14365805-AFB2-4C87-843E-E7DFFDD09E60}.Release|Any CPU.ActiveCfg = Release|Any CPU
		{14365805-AFB2-4C87-843E-E7DFFDD09E60}.Release|Any CPU.Build.0 = Release|Any CPU
		{26B515BA-039E-4DE2-8A18-1C40C366214E}.Debug|Any CPU.ActiveCfg = Debug|Any CPU
		{26B515BA-039E-4DE2-8A18-1C40C366214E}.Debug|Any CPU.Build.0 = Debug|Any CPU
		{26B515BA-039E-4DE2-8A18-1C40C366214E}.Release|Any CPU.ActiveCfg = Release|Any CPU
		{26B515BA-039E-4DE2-8A18-1C40C366214E}.Release|Any CPU.Build.0 = Release|Any CPU
		{639C4291-92AF-4BB7-AA32-FABAAADB39F5}.Debug|Any CPU.ActiveCfg = Debug|Any CPU
		{639C4291-92AF-4BB7-AA32-FABAAADB39F5}.Debug|Any CPU.Build.0 = Debug|Any CPU
		{639C4291-92AF-4BB7-AA32-FABAAADB39F5}.Release|Any CPU.ActiveCfg = Release|Any CPU
		{639C4291-92AF-4BB7-AA32-FABAAADB39F5}.Release|Any CPU.Build.0 = Release|Any CPU
		{471B92BC-2921-469B-A7D4-2C20938D74E6}.Debug|Any CPU.ActiveCfg = Debug|Any CPU
		{471B92BC-2921-469B-A7D4-2C20938D74E6}.Debug|Any CPU.Build.0 = Debug|Any CPU
		{471B92BC-2921-469B-A7D4-2C20938D74E6}.Release|Any CPU.ActiveCfg = Release|Any CPU
		{471B92BC-2921-469B-A7D4-2C20938D74E6}.Release|Any CPU.Build.0 = Release|Any CPU
		{51559E48-A709-4122-839E-1DEB3E51902A}.Debug|Any CPU.ActiveCfg = Debug|Any CPU
		{51559E48-A709-4122-839E-1DEB3E51902A}.Debug|Any CPU.Build.0 = Debug|Any CPU
		{51559E48-A709-4122-839E-1DEB3E51902A}.Release|Any CPU.ActiveCfg = Release|Any CPU
		{51559E48-A709-4122-839E-1DEB3E51902A}.Release|Any CPU.Build.0 = Release|Any CPU
		{C36F934A-9C79-46D6-AB60-0EE55212ADD4}.Debug|Any CPU.ActiveCfg = Debug|Any CPU
		{C36F934A-9C79-46D6-AB60-0EE55212ADD4}.Debug|Any CPU.Build.0 = Debug|Any CPU
		{C36F934A-9C79-46D6-AB60-0EE55212ADD4}.Release|Any CPU.ActiveCfg = Release|Any CPU
		{C36F934A-9C79-46D6-AB60-0EE55212ADD4}.Release|Any CPU.Build.0 = Release|Any CPU
		{04390198-76C3-46AF-B750-0DD82646E5E7}.Debug|Any CPU.ActiveCfg = Debug|Any CPU
		{04390198-76C3-46AF-B750-0DD82646E5E7}.Debug|Any CPU.Build.0 = Debug|Any CPU
		{04390198-76C3-46AF-B750-0DD82646E5E7}.Release|Any CPU.ActiveCfg = Release|Any CPU
		{04390198-76C3-46AF-B750-0DD82646E5E7}.Release|Any CPU.Build.0 = Release|Any CPU
	EndGlobalSection
	GlobalSection(SolutionProperties) = preSolution
		HideSolutionNode = FALSE
	EndGlobalSection
	GlobalSection(NestedProjects) = preSolution
		{FF6286F1-7597-4268-AA2D-4E498E63EEA2} = {EDEE62CD-39D4-4B24-996C-E0F7B99A6B7D}
		{26B515BA-039E-4DE2-8A18-1C40C366214E} = {EDEE62CD-39D4-4B24-996C-E0F7B99A6B7D}
		{639C4291-92AF-4BB7-AA32-FABAAADB39F5} = {EDEE62CD-39D4-4B24-996C-E0F7B99A6B7D}
		{471B92BC-2921-469B-A7D4-2C20938D74E6} = {EDEE62CD-39D4-4B24-996C-E0F7B99A6B7D}
		{C36F934A-9C79-46D6-AB60-0EE55212ADD4} = {EDEE62CD-39D4-4B24-996C-E0F7B99A6B7D}
	EndGlobalSection
	GlobalSection(ExtensibilityGlobals) = postSolution
		SolutionGuid = {74E00157-115F-4876-8327-D4EFFC37780D}
	EndGlobalSection
EndGlobal
