
Microsoft Visual Studio Solution File, Format Version 12.00
# Visual Studio 15
VisualStudioVersion = 15.0.28010.2050
MinimumVisualStudioVersion = 10.0.40219.1
Project("{FAE04EC0-301F-11D3-BF4B-00C04F79EFBC}") = "CiscSimulator", "CiscSimulator\CiscSimulator.csproj", "{955D0FB5-5695-4B36-B90A-BAE8005CD5E4}"
EndProject
Global
	GlobalSection(SolutionConfigurationPlatforms) = preSolution
		Debug|Any CPU = Debug|Any CPU
		Release|Any CPU = Release|Any CPU
	EndGlobalSection
	GlobalSection(ProjectConfigurationPlatforms) = postSolution
		{955D0FB5-5695-4B36-B90A-BAE8005CD5E4}.Debug|Any CPU.ActiveCfg = Debug|Any CPU
		{955D0FB5-5695-4B36-B90A-BAE8005CD5E4}.Debug|Any CPU.Build.0 = Debug|Any CPU
		{955D0FB5-5695-4B36-B90A-BAE8005CD5E4}.Release|Any CPU.ActiveCfg = Release|Any CPU
		{955D0FB5-5695-4B36-B90A-BAE8005CD5E4}.Release|Any CPU.Build.0 = Release|Any CPU
	EndGlobalSection
	GlobalSection(SolutionProperties) = preSolution
		HideSolutionNode = FALSE
	EndGlobalSection
	GlobalSection(ExtensibilityGlobals) = postSolution
		SolutionGuid = {74E00157-115F-4876-8327-D4EFFC37780D}
	EndGlobalSection
EndGlobal
